
Microsoft Visual Studio Solution File, Format Version 12.00
# Visual Studio Version 16
VisualStudioVersion = 16.0.31624.102
MinimumVisualStudioVersion = 10.0.40219.1
Project("{FAE04EC0-301F-11D3-BF4B-00C04F79EFBC}") = "Device Manager", "Device Manager\Device Manager.csproj", "{8050793F-D17F-49A1-A713-2B70AE823637}"
EndProject
Global
	GlobalSection(SolutionConfigurationPlatforms) = preSolution
		Debug|Any CPU = Debug|Any CPU
		Release|Any CPU = Release|Any CPU
	EndGlobalSection
	GlobalSection(ProjectConfigurationPlatforms) = postSolution
		{8050793F-D17F-49A1-A713-2B70AE823637}.Debug|Any CPU.ActiveCfg = Debug|Any CPU
		{8050793F-D17F-49A1-A713-2B70AE823637}.Debug|Any CPU.Build.0 = Debug|Any CPU
		{8050793F-D17F-49A1-A713-2B70AE823637}.Release|Any CPU.ActiveCfg = Release|Any CPU
		{8050793F-D17F-49A1-A713-2B70AE823637}.Release|Any CPU.Build.0 = Release|Any CPU
	EndGlobalSection
	GlobalSection(SolutionProperties) = preSolution
		HideSolutionNode = FALSE
	EndGlobalSection
	GlobalSection(ExtensibilityGlobals) = postSolution
		SolutionGuid = {3AB9F789-C9B6-4165-8E93-8A9A7826E100}
	EndGlobalSection
EndGlobal
